{
    "_readme": [
        "This file locks the dependencies of your project to a known state",
        "Read more about it at https://getcomposer.org/doc/01-basic-usage.md#installing-dependencies",
        "This file is @generated automatically"
    ],
    "content-hash": "ac32652ed99d30f4a067baea04889313",
    "packages": [
        {
            "name": "fzaninotto/faker",
            "version": "v1.5.0",
            "source": {
                "type": "git",
                "url": "https://github.com/fzaninotto/Faker.git",
                "reference": "d0190b156bcca848d401fb80f31f504f37141c8d"
            },
            "dist": {
                "type": "zip",
                "url": "https://api.github.com/repos/fzaninotto/Faker/zipball/d0190b156bcca848d401fb80f31f504f37141c8d",
                "reference": "d0190b156bcca848d401fb80f31f504f37141c8d",
                "shasum": ""
            },
            "require": {
                "php": ">=5.3.3"
            },
            "require-dev": {
                "phpunit/phpunit": "~4.0",
                "squizlabs/php_codesniffer": "~1.5"
            },
            "suggest": {
                "ext-intl": "*"
            },
            "type": "library",
            "extra": {
                "branch-alias": {
                    "dev-master": "1.5.x-dev"
                }
            },
            "autoload": {
                "psr-4": {
                    "Faker\\": "src/Faker/"
                }
            },
            "notification-url": "https://packagist.org/downloads/",
            "license": [
                "MIT"
            ],
            "authors": [
                {
                    "name": "François Zaninotto"
                }
            ],
            "description": "Faker is a PHP library that generates fake data for you.",
            "keywords": [
                "data",
                "faker",
                "fixtures"
            ],
            "support": {
                "issues": "https://github.com/fzaninotto/Faker/issues",
                "source": "https://github.com/fzaninotto/Faker/tree/master"
            },
            "abandoned": true,
            "time": "2015-05-29T06:29:14+00:00"
        },
        {
            "name": "menarasolutions/geographer",
            "version": "v0.3.13",
            "source": {
                "type": "git",
                "url": "https://github.com/MenaraSolutions/geographer.git",
                "reference": "ea69f5dbcf16f4ee6a321922ad587844da865ec0"
            },
            "dist": {
                "type": "zip",
                "url": "https://api.github.com/repos/MenaraSolutions/geographer/zipball/ea69f5dbcf16f4ee6a321922ad587844da865ec0",
                "reference": "ea69f5dbcf16f4ee6a321922ad587844da865ec0",
                "shasum": ""
            },
            "require": {
                "menarasolutions/geographer-data": "^0.1.0",
                "php": ">=7.0"
            },
            "require-dev": {
                "illuminate/support": "5.*|6.*|7.*|8.*|9.*",
                "menarasolutions/geographer-da": "0.*",
                "menarasolutions/geographer-de": "0.*",
                "menarasolutions/geographer-nl": "0.*",
                "menarasolutions/geographer-ru": "0.*",
                "phpunit/phpunit": "^9.0"
            },
            "type": "library",
            "extra": {
                "branch-alias": {
                    "dev-master": "0.4-dev"
                }
            },
            "autoload": {
                "psr-4": {
                    "MenaraSolutions\\Geographer\\": "src/"
                }
            },
            "notification-url": "https://packagist.org/downloads/",
            "license": [
                "MIT"
            ],
            "authors": [
                {
                    "name": "Denis Mysenko",
                    "email": "denis@menara.com.au",
                    "homepage": "https://www.menara.com.au"
                }
            ],
            "description": "A PHP library that knows how any country, state or city is called in any language",
            "homepage": "https://github.com/MenaraSolutions/geographer",
            "keywords": [
                "geo",
                "geolocation",
                "geonames",
                "localization"
            ],
            "support": {
                "issues": "https://github.com/MenaraSolutions/geographer/issues",
                "source": "https://github.com/MenaraSolutions/geographer/tree/v0.3.13"
            },
            "time": "2022-03-08T01:20:39+00:00"
        },
        {
            "name": "menarasolutions/geographer-data",
            "version": "v0.1.14",
            "source": {
                "type": "git",
                "url": "https://github.com/MenaraSolutions/geographer-data.git",
                "reference": "6378cd7bc02a1e4235381e40c0659296fb9f0489"
            },
            "dist": {
                "type": "zip",
                "url": "https://api.github.com/repos/MenaraSolutions/geographer-data/zipball/6378cd7bc02a1e4235381e40c0659296fb9f0489",
                "reference": "6378cd7bc02a1e4235381e40c0659296fb9f0489",
                "shasum": ""
            },
            "type": "library",
            "autoload": {
                "psr-4": {
                    "MenaraSolutions\\Geographer\\Helpers\\": "helpers/"
                }
            },
            "notification-url": "https://packagist.org/downloads/",
            "license": [
                "MIT"
            ],
            "authors": [
                {
                    "name": "Denis Mysenko",
                    "email": "denis@menara.com.au",
                    "homepage": "https://www.menara.com.au"
                }
            ],
            "description": "Basic data package for Geographer - countries and their subdivisions",
            "homepage": "https://github.com/MenaraSolutions/geographer-data",
            "keywords": [
                "geographer",
                "geolocation",
                "localization"
            ],
            "support": {
                "issues": "https://github.com/MenaraSolutions/geographer-data/issues",
                "source": "https://github.com/MenaraSolutions/geographer-data/tree/v0.1.14"
            },
            "time": "2021-10-11T11:44:49+00:00"
        },
        {
            "name": "menarasolutions/geographer-es",
            "version": "0.1",
            "source": {
                "type": "git",
                "url": "https://github.com/MenaraSolutions/geographer-es.git",
                "reference": "9461ce85e85fa0d1d7c4abc2036737b3f6ba37a2"
            },
            "dist": {
                "type": "zip",
                "url": "https://api.github.com/repos/MenaraSolutions/geographer-es/zipball/9461ce85e85fa0d1d7c4abc2036737b3f6ba37a2",
                "reference": "9461ce85e85fa0d1d7c4abc2036737b3f6ba37a2",
                "shasum": ""
            },
            "type": "library",
            "notification-url": "https://packagist.org/downloads/",
            "license": [
                "MIT"
            ],
            "authors": [
                {
                    "name": "Denis Mysenko",
                    "email": "denis@menara.com.au",
                    "homepage": "https://www.menara.com.au"
                }
            ],
            "description": "Spanish translations for Geographer library",
            "homepage": "https://github.com/MenaraSolutions/geographer-es",
            "keywords": [
                "geographer",
                "geolocation",
                "localization",
                "spanish"
            ],
            "support": {
                "issues": "https://github.com/MenaraSolutions/geographer-es/issues",
                "source": "https://github.com/MenaraSolutions/geographer-es/tree/master"
            },
            "time": "2016-10-02T08:31:57+00:00"
        }
    ],
    "packages-dev": [],
    "aliases": [],
    "minimum-stability": "stable",
    "stability-flags": [],
    "prefer-stable": false,
    "prefer-lowest": false,
    "platform": [],
    "platform-dev": [],
    "plugin-api-version": "2.3.0"
}
